// !$*UTF8*$!
{
	archiveVersion = 1;
	classes = {
	};
	objectVersion = 50;
	objects = {

/* Begin PBXBuildFile section */
		8A5C363A21976E01006C266F /* AppDelegate.swift in Sources */ = {isa = PBXBuildFile; fileRef = 8A5C363921976E01006C266F /* AppDelegate.swift */; };
		8A5C363C21976E01006C266F /* ViewController.swift in Sources */ = {isa = PBXBuildFile; fileRef = 8A5C363B21976E01006C266F /* ViewController.swift */; };
		8A5C363F21976E01006C266F /* Main.storyboard in Resources */ = {isa = PBXBuildFile; fileRef = 8A5C363D21976E01006C266F /* Main.storyboard */; };
		8A5C364121976E02006C266F /* Assets.xcassets in Resources */ = {isa = PBXBuildFile; fileRef = 8A5C364021976E02006C266F /* Assets.xcassets */; };
		8A5C364421976E02006C266F /* LaunchScreen.storyboard in Resources */ = {isa = PBXBuildFile; fileRef = 8A5C364221976E02006C266F /* LaunchScreen.storyboard */; };
		8A5C364F21976E03006C266F /* Lab6Tests.swift in Sources */ = {isa = PBXBuildFile; fileRef = 8A5C364E21976E03006C266F /* Lab6Tests.swift */; };
		8A5C365A21976E03006C266F /* Lab6UITests.swift in Sources */ = {isa = PBXBuildFile; fileRef = 8A5C365921976E03006C266F /* Lab6UITests.swift */; };
		8A5C366821976FB2006C266F /* RingBuffer.swift in Sources */ = {isa = PBXBuildFile; fileRef = 8A5C366721976FB2006C266F /* RingBuffer.swift */; };
		8A5C366A21977477006C266F /* TableViewController.swift in Sources */ = {isa = PBXBuildFile; fileRef = 8A5C366921977477006C266F /* TableViewController.swift */; };
/* End PBXBuildFile section */

/* Begin PBXContainerItemProxy section */
		8A5C364B21976E03006C266F /* PBXContainerItemProxy */ = {
			isa = PBXContainerItemProxy;
			containerPortal = 8A5C362E21976E01006C266F /* Project object */;
			proxyType = 1;
			remoteGlobalIDString = 8A5C363521976E01006C266F;
			remoteInfo = Lab6;
		};
		8A5C365621976E03006C266F /* PBXContainerItemProxy */ = {
			isa = PBXContainerItemProxy;
			containerPortal = 8A5C362E21976E01006C266F /* Project object */;
			proxyType = 1;
			remoteGlobalIDString = 8A5C363521976E01006C266F;
			remoteInfo = Lab6;
		};
/* End PBXContainerItemProxy section */

/* Begin PBXFileReference section */
		8A5C363621976E01006C266F /* Lab6.app */ = {isa = PBXFileReference; explicitFileType = wrapper.application; includeInIndex = 0; path = Lab6.app; sourceTree = BUILT_PRODUCTS_DIR; };
		8A5C363921976E01006C266F /* AppDelegate.swift */ = {isa = PBXFileReference; lastKnownFileType = sourcecode.swift; path = AppDelegate.swift; sourceTree = "<group>"; };
		8A5C363B21976E01006C266F /* ViewController.swift */ = {isa = PBXFileReference; lastKnownFileType = sourcecode.swift; path = ViewController.swift; sourceTree = "<group>"; };
		8A5C363E21976E01006C266F /* Base */ = {isa = PBXFileReference; lastKnownFileType = file.storyboard; name = Base; path = Base.lproj/Main.storyboard; sourceTree = "<group>"; };
		8A5C364021976E02006C266F /* Assets.xcassets */ = {isa = PBXFileReference; lastKnownFileType = folder.assetcatalog; path = Assets.xcassets; sourceTree = "<group>"; };
		8A5C364321976E02006C266F /* Base */ = {isa = PBXFileReference; lastKnownFileType = file.storyboard; name = Base; path = Base.lproj/LaunchScreen.storyboard; sourceTree = "<group>"; };
		8A5C364521976E02006C266F /* Info.plist */ = {isa = PBXFileReference; lastKnownFileType = text.plist.xml; path = Info.plist; sourceTree = "<group>"; };
		8A5C364A21976E03006C266F /* Lab6Tests.xctest */ = {isa = PBXFileReference; explicitFileType = wrapper.cfbundle; includeInIndex = 0; path = Lab6Tests.xctest; sourceTree = BUILT_PRODUCTS_DIR; };
		8A5C364E21976E03006C266F /* Lab6Tests.swift */ = {isa = PBXFileReference; lastKnownFileType = sourcecode.swift; path = Lab6Tests.swift; sourceTree = "<group>"; };
		8A5C365021976E03006C266F /* Info.plist */ = {isa = PBXFileReference; lastKnownFileType = text.plist.xml; path = Info.plist; sourceTree = "<group>"; };
		8A5C365521976E03006C266F /* Lab6UITests.xctest */ = {isa = PBXFileReference; explicitFileType = wrapper.cfbundle; includeInIndex = 0; path = Lab6UITests.xctest; sourceTree = BUILT_PRODUCTS_DIR; };
		8A5C365921976E03006C266F /* Lab6UITests.swift */ = {isa = PBXFileReference; lastKnownFileType = sourcecode.swift; path = Lab6UITests.swift; sourceTree = "<group>"; };
		8A5C365B21976E03006C266F /* Info.plist */ = {isa = PBXFileReference; lastKnownFileType = text.plist.xml; path = Info.plist; sourceTree = "<group>"; };
		8A5C366721976FB2006C266F /* RingBuffer.swift */ = {isa = PBXFileReference; fileEncoding = 4; lastKnownFileType = sourcecode.swift; path = RingBuffer.swift; sourceTree = "<group>"; };
		8A5C366921977477006C266F /* TableViewController.swift */ = {isa = PBXFileReference; fileEncoding = 4; lastKnownFileType = sourcecode.swift; path = TableViewController.swift; sourceTree = "<group>"; };
/* End PBXFileReference section */

/* Begin PBXFrameworksBuildPhase section */
		8A5C363321976E01006C266F /* Frameworks */ = {
			isa = PBXFrameworksBuildPhase;
			buildActionMask = 2147483647;
			files = (
			);
			runOnlyForDeploymentPostprocessing = 0;
		};
		8A5C364721976E03006C266F /* Frameworks */ = {
			isa = PBXFrameworksBuildPhase;
			buildActionMask = 2147483647;
			files = (
			);
			runOnlyForDeploymentPostprocessing = 0;
		};
		8A5C365221976E03006C266F /* Frameworks */ = {
			isa = PBXFrameworksBuildPhase;
			buildActionMask = 2147483647;
			files = (
			);
			runOnlyForDeploymentPostprocessing = 0;
		};
/* End PBXFrameworksBuildPhase section */

/* Begin PBXGroup section */
		8A5C362D21976E01006C266F = {
			isa = PBXGroup;
			children = (
				8A5C363821976E01006C266F /* Lab6 */,
				8A5C364D21976E03006C266F /* Lab6Tests */,
				8A5C365821976E03006C266F /* Lab6UITests */,
				8A5C363721976E01006C266F /* Products */,
			);
			sourceTree = "<group>";
		};
		8A5C363721976E01006C266F /* Products */ = {
			isa = PBXGroup;
			children = (
				8A5C363621976E01006C266F /* Lab6.app */,
				8A5C364A21976E03006C266F /* Lab6Tests.xctest */,
				8A5C365521976E03006C266F /* Lab6UITests.xctest */,
			);
			name = Products;
			sourceTree = "<group>";
		};
		8A5C363821976E01006C266F /* Lab6 */ = {
			isa = PBXGroup;
			children = (
				8A5C366921977477006C266F /* TableViewController.swift */,
				8A5C366721976FB2006C266F /* RingBuffer.swift */,
				8A5C363921976E01006C266F /* AppDelegate.swift */,
				8A5C363B21976E01006C266F /* ViewController.swift */,
				8A5C363D21976E01006C266F /* Main.storyboard */,
				8A5C364021976E02006C266F /* Assets.xcassets */,
				8A5C364221976E02006C266F /* LaunchScreen.storyboard */,
				8A5C364521976E02006C266F /* Info.plist */,
			);
			path = Lab6;
			sourceTree = "<group>";
		};
		8A5C364D21976E03006C266F /* Lab6Tests */ = {
			isa = PBXGroup;
			children = (
				8A5C364E21976E03006C266F /* Lab6Tests.swift */,
				8A5C365021976E03006C266F /* Info.plist */,
			);
			path = Lab6Tests;
			sourceTree = "<group>";
		};
		8A5C365821976E03006C266F /* Lab6UITests */ = {
			isa = PBXGroup;
			children = (
				8A5C365921976E03006C266F /* Lab6UITests.swift */,
				8A5C365B21976E03006C266F /* Info.plist */,
			);
			path = Lab6UITests;
			sourceTree = "<group>";
		};
/* End PBXGroup section */

/* Begin PBXNativeTarget section */
		8A5C363521976E01006C266F /* Lab6 */ = {
			isa = PBXNativeTarget;
			buildConfigurationList = 8A5C365E21976E03006C266F /* Build configuration list for PBXNativeTarget "Lab6" */;
			buildPhases = (
				8A5C363221976E01006C266F /* Sources */,
				8A5C363321976E01006C266F /* Frameworks */,
				8A5C363421976E01006C266F /* Resources */,
			);
			buildRules = (
			);
			dependencies = (
			);
			name = Lab6;
			productName = Lab6;
			productReference = 8A5C363621976E01006C266F /* Lab6.app */;
			productType = "com.apple.product-type.application";
		};
		8A5C364921976E03006C266F /* Lab6Tests */ = {
			isa = PBXNativeTarget;
			buildConfigurationList = 8A5C366121976E03006C266F /* Build configuration list for PBXNativeTarget "Lab6Tests" */;
			buildPhases = (
				8A5C364621976E03006C266F /* Sources */,
				8A5C364721976E03006C266F /* Frameworks */,
				8A5C364821976E03006C266F /* Resources */,
			);
			buildRules = (
			);
			dependencies = (
				8A5C364C21976E03006C266F /* PBXTargetDependency */,
			);
			name = Lab6Tests;
			productName = Lab6Tests;
			productReference = 8A5C364A21976E03006C266F /* Lab6Tests.xctest */;
			productType = "com.apple.product-type.bundle.unit-test";
		};
		8A5C365421976E03006C266F /* Lab6UITests */ = {
			isa = PBXNativeTarget;
			buildConfigurationList = 8A5C366421976E03006C266F /* Build configuration list for PBXNativeTarget "Lab6UITests" */;
			buildPhases = (
				8A5C365121976E03006C266F /* Sources */,
				8A5C365221976E03006C266F /* Frameworks */,
				8A5C365321976E03006C266F /* Resources */,
			);
			buildRules = (
			);
			dependencies = (
				8A5C365721976E03006C266F /* PBXTargetDependency */,
			);
			name = Lab6UITests;
			productName = Lab6UITests;
			productReference = 8A5C365521976E03006C266F /* Lab6UITests.xctest */;
			productType = "com.apple.product-type.bundle.ui-testing";
		};
/* End PBXNativeTarget section */

/* Begin PBXProject section */
		8A5C362E21976E01006C266F /* Project object */ = {
			isa = PBXProject;
			attributes = {
				LastSwiftUpdateCheck = 1000;
				LastUpgradeCheck = 1000;
				ORGANIZATIONNAME = "Dhaval Gogri";
				TargetAttributes = {
					8A5C363521976E01006C266F = {
						CreatedOnToolsVersion = 10.0;
					};
					8A5C364921976E03006C266F = {
						CreatedOnToolsVersion = 10.0;
						TestTargetID = 8A5C363521976E01006C266F;
					};
					8A5C365421976E03006C266F = {
						CreatedOnToolsVersion = 10.0;
						TestTargetID = 8A5C363521976E01006C266F;
					};
				};
			};
			buildConfigurationList = 8A5C363121976E01006C266F /* Build configuration list for PBXProject "Lab6" */;
			compatibilityVersion = "Xcode 9.3";
			developmentRegion = en;
			hasScannedForEncodings = 0;
			knownRegions = (
				en,
				Base,
			);
			mainGroup = 8A5C362D21976E01006C266F;
			productRefGroup = 8A5C363721976E01006C266F /* Products */;
			projectDirPath = "";
			projectRoot = "";
			targets = (
				8A5C363521976E01006C266F /* Lab6 */,
				8A5C364921976E03006C266F /* Lab6Tests */,
				8A5C365421976E03006C266F /* Lab6UITests */,
			);
		};
/* End PBXProject section */

/* Begin PBXResourcesBuildPhase section */
		8A5C363421976E01006C266F /* Resources */ = {
			isa = PBXResourcesBuildPhase;
			buildActionMask = 2147483647;
			files = (
				8A5C364421976E02006C266F /* LaunchScreen.storyboard in Resources */,
				8A5C364121976E02006C266F /* Assets.xcassets in Resources */,
				8A5C363F21976E01006C266F /* Main.storyboard in Resources */,
			);
			runOnlyForDeploymentPostprocessing = 0;
		};
		8A5C364821976E03006C266F /* Resources */ = {
			isa = PBXResourcesBuildPhase;
			buildActionMask = 2147483647;
			files = (
			);
			runOnlyForDeploymentPostprocessing = 0;
		};
		8A5C365321976E03006C266F /* Resources */ = {
			isa = PBXResourcesBuildPhase;
			buildActionMask = 2147483647;
			files = (
			);
			runOnlyForDeploymentPostprocessing = 0;
		};
/* End PBXResourcesBuildPhase section */

/* Begin PBXSourcesBuildPhase section */
		8A5C363221976E01006C266F /* Sources */ = {
			isa = PBXSourcesBuildPhase;
			buildActionMask = 2147483647;
			files = (
				8A5C363C21976E01006C266F /* ViewController.swift in Sources */,
				8A5C363A21976E01006C266F /* AppDelegate.swift in Sources */,
				8A5C366821976FB2006C266F /* RingBuffer.swift in Sources */,
				8A5C366A21977477006C266F /* TableViewController.swift in Sources */,
			);
			runOnlyForDeploymentPostprocessing = 0;
		};
		8A5C364621976E03006C266F /* Sources */ = {
			isa = PBXSourcesBuildPhase;
			buildActionMask = 2147483647;
			files = (
				8A5C364F21976E03006C266F /* Lab6Tests.swift in Sources */,
			);
			runOnlyForDeploymentPostprocessing = 0;
		};
		8A5C365121976E03006C266F /* Sources */ = {
			isa = PBXSourcesBuildPhase;
			buildActionMask = 2147483647;
			files = (
				8A5C365A21976E03006C266F /* Lab6UITests.swift in Sources */,
			);
			runOnlyForDeploymentPostprocessing = 0;
		};
/* End PBXSourcesBuildPhase section */

/* Begin PBXTargetDependency section */
		8A5C364C21976E03006C266F /* PBXTargetDependency */ = {
			isa = PBXTargetDependency;
			target = 8A5C363521976E01006C266F /* Lab6 */;
			targetProxy = 8A5C364B21976E03006C266F /* PBXContainerItemProxy */;
		};
		8A5C365721976E03006C266F /* PBXTargetDependency */ = {
			isa = PBXTargetDependency;
			target = 8A5C363521976E01006C266F /* Lab6 */;
			targetProxy = 8A5C365621976E03006C266F /* PBXContainerItemProxy */;
		};
/* End PBXTargetDependency section */

/* Begin PBXVariantGroup section */
		8A5C363D21976E01006C266F /* Main.storyboard */ = {
			isa = PBXVariantGroup;
			children = (
				8A5C363E21976E01006C266F /* Base */,
			);
			name = Main.storyboard;
			sourceTree = "<group>";
		};
		8A5C364221976E02006C266F /* LaunchScreen.storyboard */ = {
			isa = PBXVariantGroup;
			children = (
				8A5C364321976E02006C266F /* Base */,
			);
			name = LaunchScreen.storyboard;
			sourceTree = "<group>";
		};
/* End PBXVariantGroup section */

/* Begin XCBuildConfiguration section */
		8A5C365C21976E03006C266F /* Debug */ = {
			isa = XCBuildConfiguration;
			buildSettings = {
				ALWAYS_SEARCH_USER_PATHS = NO;
				CLANG_ANALYZER_NONNULL = YES;
				CLANG_ANALYZER_NUMBER_OBJECT_CONVERSION = YES_AGGRESSIVE;
				CLANG_CXX_LANGUAGE_STANDARD = "gnu++14";
				CLANG_CXX_LIBRARY = "libc++";
				CLANG_ENABLE_MODULES = YES;
				CLANG_ENABLE_OBJC_ARC = YES;
				CLANG_ENABLE_OBJC_WEAK = YES;
				CLANG_WARN_BLOCK_CAPTURE_AUTORELEASING = YES;
				CLANG_WARN_BOOL_CONVERSION = YES;
				CLANG_WARN_COMMA = YES;
				CLANG_WARN_CONSTANT_CONVERSION = YES;
				CLANG_WARN_DEPRECATED_OBJC_IMPLEMENTATIONS = YES;
				CLANG_WARN_DIRECT_OBJC_ISA_USAGE = YES_ERROR;
				CLANG_WARN_DOCUMENTATION_COMMENTS = YES;
				CLANG_WARN_EMPTY_BODY = YES;
				CLANG_WARN_ENUM_CONVERSION = YES;
				CLANG_WARN_INFINITE_RECURSION = YES;
				CLANG_WARN_INT_CONVERSION = YES;
				CLANG_WARN_NON_LITERAL_NULL_CONVERSION = YES;
				CLANG_WARN_OBJC_IMPLICIT_RETAIN_SELF = YES;
				CLANG_WARN_OBJC_LITERAL_CONVERSION = YES;
				CLANG_WARN_OBJC_ROOT_CLASS = YES_ERROR;
				CLANG_WARN_RANGE_LOOP_ANALYSIS = YES;
				CLANG_WARN_STRICT_PROTOTYPES = YES;
				CLANG_WARN_SUSPICIOUS_MOVE = YES;
				CLANG_WARN_UNGUARDED_AVAILABILITY = YES_AGGRESSIVE;
				CLANG_WARN_UNREACHABLE_CODE = YES;
				CLANG_WARN__DUPLICATE_METHOD_MATCH = YES;
				CODE_SIGN_IDENTITY = "iPhone Developer";
				COPY_PHASE_STRIP = NO;
				DEBUG_INFORMATION_FORMAT = dwarf;
				ENABLE_STRICT_OBJC_MSGSEND = YES;
				ENABLE_TESTABILITY = YES;
				GCC_C_LANGUAGE_STANDARD = gnu11;
				GCC_DYNAMIC_NO_PIC = NO;
				GCC_NO_COMMON_BLOCKS = YES;
				GCC_OPTIMIZATION_LEVEL = 0;
				GCC_PREPROCESSOR_DEFINITIONS = (
					"DEBUG=1",
					"$(inherited)",
				);
				GCC_WARN_64_TO_32_BIT_CONVERSION = YES;
				GCC_WARN_ABOUT_RETURN_TYPE = YES_ERROR;
				GCC_WARN_UNDECLARED_SELECTOR = YES;
				GCC_WARN_UNINITIALIZED_AUTOS = YES_AGGRESSIVE;
				GCC_WARN_UNUSED_FUNCTION = YES;
				GCC_WARN_UNUSED_VARIABLE = YES;
				IPHONEOS_DEPLOYMENT_TARGET = 12.0;
				MTL_ENABLE_DEBUG_INFO = INCLUDE_SOURCE;
				MTL_FAST_MATH = YES;
				ONLY_ACTIVE_ARCH = YES;
				SDKROOT = iphoneos;
				SWIFT_ACTIVE_COMPILATION_CONDITIONS = DEBUG;
				SWIFT_OPTIMIZATION_LEVEL = "-Onone";
			};
			name = Debug;
		};
		8A5C365D21976E03006C266F /* Release */ = {
			isa = XCBuildConfiguration;
			buildSettings = {
				ALWAYS_SEARCH_USER_PATHS = NO;
				CLANG_ANALYZER_NONNULL = YES;
				CLANG_ANALYZER_NUMBER_OBJECT_CONVERSION = YES_AGGRESSIVE;
				CLANG_CXX_LANGUAGE_STANDARD = "gnu++14";
				CLANG_CXX_LIBRARY = "libc++";
				CLANG_ENABLE_MODULES = YES;
				CLANG_ENABLE_OBJC_ARC = YES;
				CLANG_ENABLE_OBJC_WEAK = YES;
				CLANG_WARN_BLOCK_CAPTURE_AUTORELEASING = YES;
				CLANG_WARN_BOOL_CONVERSION = YES;
				CLANG_WARN_COMMA = YES;
				CLANG_WARN_CONSTANT_CONVERSION = YES;
				CLANG_WARN_DEPRECATED_OBJC_IMPLEMENTATIONS = YES;
				CLANG_WARN_DIRECT_OBJC_ISA_USAGE = YES_ERROR;
				CLANG_WARN_DOCUMENTATION_COMMENTS = YES;
				CLANG_WARN_EMPTY_BODY = YES;
				CLANG_WARN_ENUM_CONVERSION = YES;
				CLANG_WARN_INFINITE_RECURSION = YES;
				CLANG_WARN_INT_CONVERSION = YES;
				CLANG_WARN_NON_LITERAL_NULL_CONVERSION = YES;
				CLANG_WARN_OBJC_IMPLICIT_RETAIN_SELF = YES;
				CLANG_WARN_OBJC_LITERAL_CONVERSION = YES;
				CLANG_WARN_OBJC_ROOT_CLASS = YES_ERROR;
				CLANG_WARN_RANGE_LOOP_ANALYSIS = YES;
				CLANG_WARN_STRICT_PROTOTYPES = YES;
				CLANG_WARN_SUSPICIOUS_MOVE = YES;
				CLANG_WARN_UNGUARDED_AVAILABILITY = YES_AGGRESSIVE;
				CLANG_WARN_UNREACHABLE_CODE = YES;
				CLANG_WARN__DUPLICATE_METHOD_MATCH = YES;
				CODE_SIGN_IDENTITY = "iPhone Developer";
				COPY_PHASE_STRIP = NO;
				DEBUG_INFORMATION_FORMAT = "dwarf-with-dsym";
				ENABLE_NS_ASSERTIONS = NO;
				ENABLE_STRICT_OBJC_MSGSEND = YES;
				GCC_C_LANGUAGE_STANDARD = gnu11;
				GCC_NO_COMMON_BLOCKS = YES;
				GCC_WARN_64_TO_32_BIT_CONVERSION = YES;
				GCC_WARN_ABOUT_RETURN_TYPE = YES_ERROR;
				GCC_WARN_UNDECLARED_SELECTOR = YES;
				GCC_WARN_UNINITIALIZED_AUTOS = YES_AGGRESSIVE;
				GCC_WARN_UNUSED_FUNCTION = YES;
				GCC_WARN_UNUSED_VARIABLE = YES;
				IPHONEOS_DEPLOYMENT_TARGET = 12.0;
				MTL_ENABLE_DEBUG_INFO = NO;
				MTL_FAST_MATH = YES;
				SDKROOT = iphoneos;
				SWIFT_COMPILATION_MODE = wholemodule;
				SWIFT_OPTIMIZATION_LEVEL = "-O";
				VALIDATE_PRODUCT = YES;
			};
			name = Release;
		};
		8A5C365F21976E03006C266F /* Debug */ = {
			isa = XCBuildConfiguration;
			buildSettings = {
				ASSETCATALOG_COMPILER_APPICON_NAME = AppIcon;
				CODE_SIGN_STYLE = Automatic;
				DEVELOPMENT_TEAM = QCQG8KRC2T;
				FRAMEWORK_SEARCH_PATHS = (
					"$(inherited)",
					"$(PROJECT_DIR)/ImageDSPUtils",
				);
				INFOPLIST_FILE = Lab6/Info.plist;
				IPHONEOS_DEPLOYMENT_TARGET = 11.0;
				LD_RUNPATH_SEARCH_PATHS = (
					"$(inherited)",
					"@executable_path/Frameworks",
				);
				PRODUCT_BUNDLE_IDENTIFIER = com.dhaval.lab6.Lab6;
				PRODUCT_NAME = "$(TARGET_NAME)";
				SWIFT_VERSION = 4.2;
				TARGETED_DEVICE_FAMILY = "1,2";
			};
			name = Debug;
		};
		8A5C366021976E03006C266F /* Release */ = {
			isa = XCBuildConfiguration;
			buildSettings = {
				ASSETCATALOG_COMPILER_APPICON_NAME = AppIcon;
				CODE_SIGN_STYLE = Automatic;
				DEVELOPMENT_TEAM = QCQG8KRC2T;
				FRAMEWORK_SEARCH_PATHS = (
					"$(inherited)",
					"$(PROJECT_DIR)/ImageDSPUtils",
				);
				INFOPLIST_FILE = Lab6/Info.plist;
				IPHONEOS_DEPLOYMENT_TARGET = 11.0;
				LD_RUNPATH_SEARCH_PATHS = (
					"$(inherited)",
					"@executable_path/Frameworks",
				);
				PRODUCT_BUNDLE_IDENTIFIER = com.dhaval.lab6.Lab6;
				PRODUCT_NAME = "$(TARGET_NAME)";
				SWIFT_VERSION = 4.2;
				TARGETED_DEVICE_FAMILY = "1,2";
			};
			name = Release;
		};
		8A5C366221976E03006C266F /* Debug */ = {
			isa = XCBuildConfiguration;
			buildSettings = {
				ALWAYS_EMBED_SWIFT_STANDARD_LIBRARIES = YES;
				BUNDLE_LOADER = "$(TEST_HOST)";
				CODE_SIGN_STYLE = Automatic;
				DEVELOPMENT_TEAM = QCQG8KRC2T;
				INFOPLIST_FILE = Lab6Tests/Info.plist;
				LD_RUNPATH_SEARCH_PATHS = (
					"$(inherited)",
					"@executable_path/Frameworks",
					"@loader_path/Frameworks",
				);
				PRODUCT_BUNDLE_IDENTIFIER = com.dhaval.lab6.Lab6Tests;
				PRODUCT_NAME = "$(TARGET_NAME)";
				SWIFT_VERSION = 4.2;
				TARGETED_DEVICE_FAMILY = "1,2";
				TEST_HOST = "$(BUILT_PRODUCTS_DIR)/Lab6.app/Lab6";
			};
			name = Debug;
		};
		8A5C366321976E03006C266F /* Release */ = {
			isa = XCBuildConfiguration;
			buildSettings = {
				ALWAYS_EMBED_SWIFT_STANDARD_LIBRARIES = YES;
				BUNDLE_LOADER = "$(TEST_HOST)";
				CODE_SIGN_STYLE = Automatic;
				DEVELOPMENT_TEAM = QCQG8KRC2T;
				INFOPLIST_FILE = Lab6Tests/Info.plist;
				LD_RUNPATH_SEARCH_PATHS = (
					"$(inherited)",
					"@executable_path/Frameworks",
					"@loader_path/Frameworks",
				);
				PRODUCT_BUNDLE_IDENTIFIER = com.dhaval.lab6.Lab6Tests;
				PRODUCT_NAME = "$(TARGET_NAME)";
				SWIFT_VERSION = 4.2;
				TARGETED_DEVICE_FAMILY = "1,2";
				TEST_HOST = "$(BUILT_PRODUCTS_DIR)/Lab6.app/Lab6";
			};
			name = Release;
		};
		8A5C366521976E03006C266F /* Debug */ = {
			isa = XCBuildConfiguration;
			buildSettings = {
				ALWAYS_EMBED_SWIFT_STANDARD_LIBRARIES = YES;
				CODE_SIGN_STYLE = Automatic;
				DEVELOPMENT_TEAM = QCQG8KRC2T;
				INFOPLIST_FILE = Lab6UITests/Info.plist;
				LD_RUNPATH_SEARCH_PATHS = (
					"$(inherited)",
					"@executable_path/Frameworks",
					"@loader_path/Frameworks",
				);
				PRODUCT_BUNDLE_IDENTIFIER = com.dhaval.lab6.Lab6UITests;
				PRODUCT_NAME = "$(TARGET_NAME)";
				SWIFT_VERSION = 4.2;
				TARGETED_DEVICE_FAMILY = "1,2";
				TEST_TARGET_NAME = Lab6;
			};
			name = Debug;
		};
		8A5C366621976E03006C266F /* Release */ = {
			isa = XCBuildConfiguration;
			buildSettings = {
				ALWAYS_EMBED_SWIFT_STANDARD_LIBRARIES = YES;
				CODE_SIGN_STYLE = Automatic;
				DEVELOPMENT_TEAM = QCQG8KRC2T;
				INFOPLIST_FILE = Lab6UITests/Info.plist;
				LD_RUNPATH_SEARCH_PATHS = (
					"$(inherited)",
					"@executable_path/Frameworks",
					"@loader_path/Frameworks",
				);
				PRODUCT_BUNDLE_IDENTIFIER = com.dhaval.lab6.Lab6UITests;
				PRODUCT_NAME = "$(TARGET_NAME)";
				SWIFT_VERSION = 4.2;
				TARGETED_DEVICE_FAMILY = "1,2";
				TEST_TARGET_NAME = Lab6;
			};
			name = Release;
		};
/* End XCBuildConfiguration section */

/* Begin XCConfigurationList section */
		8A5C363121976E01006C266F /* Build configuration list for PBXProject "Lab6" */ = {
			isa = XCConfigurationList;
			buildConfigurations = (
				8A5C365C21976E03006C266F /* Debug */,
				8A5C365D21976E03006C266F /* Release */,
			);
			defaultConfigurationIsVisible = 0;
			defaultConfigurationName = Release;
		};
		8A5C365E21976E03006C266F /* Build configuration list for PBXNativeTarget "Lab6" */ = {
			isa = XCConfigurationList;
			buildConfigurations = (
				8A5C365F21976E03006C266F /* Debug */,
				8A5C366021976E03006C266F /* Release */,
			);
			defaultConfigurationIsVisible = 0;
			defaultConfigurationName = Release;
		};
		8A5C366121976E03006C266F /* Build configuration list for PBXNativeTarget "Lab6Tests" */ = {
			isa = XCConfigurationList;
			buildConfigurations = (
				8A5C366221976E03006C266F /* Debug */,
				8A5C366321976E03006C266F /* Release */,
			);
			defaultConfigurationIsVisible = 0;
			defaultConfigurationName = Release;
		};
		8A5C366421976E03006C266F /* Build configuration list for PBXNativeTarget "Lab6UITests" */ = {
			isa = XCConfigurationList;
			buildConfigurations = (
				8A5C366521976E03006C266F /* Debug */,
				8A5C366621976E03006C266F /* Release */,
			);
			defaultConfigurationIsVisible = 0;
			defaultConfigurationName = Release;
		};
/* End XCConfigurationList section */
	};
	rootObject = 8A5C362E21976E01006C266F /* Project object */;
}
